
Microsoft Visual Studio Solution File, Format Version 12.00
Project("{FAE04EC0-301F-11D3-BF4B-00C04F79EFBC}") = "BarberShop.Bootstrapper", "Src\Bootstrapper\BarberShop.Bootstrapper\BarberShop.Bootstrapper.csproj", "{C8FFE050-9B76-4608-86AB-B426A1EB6F0C}"
EndProject
Project("{2150E333-8FDC-42A3-9474-1A3956D46DE8}") = "Bootstrapper", "Bootstrapper", "{243B0083-3796-49B3-95F1-DF7351CCEA4C}"
EndProject
Project("{2150E333-8FDC-42A3-9474-1A3956D46DE8}") = "Modules", "Modules", "{99BC02AC-696D-40AA-93A5-E32142F2DF5D}"
EndProject
Project("{2150E333-8FDC-42A3-9474-1A3956D46DE8}") = "Shared", "Shared", "{6B5DF294-8366-4B00-A70F-D557115639EF}"
EndProject
Project("{FAE04EC0-301F-11D3-BF4B-00C04F79EFBC}") = "BarberShop.Shared", "Src\Shared\BarberShop.Shared\BarberShop.Shared.csproj", "{E4CFF498-48F3-48C7-A989-EE038D3E30CB}"
EndProject
Project("{2150E333-8FDC-42A3-9474-1A3956D46DE8}") = "Users", "Users", "{1D181A73-0535-44E6-90B8-3E6A68640B79}"
EndProject
Project("{2150E333-8FDC-42A3-9474-1A3956D46DE8}") = "SystemReservation", "SystemReservation", "{E3DA0DC3-C870-4478-898B-1BCDC9E4BA17}"
EndProject
Project("{2150E333-8FDC-42A3-9474-1A3956D46DE8}") = "Warehouse", "Warehouse", "{88471AF4-A7C8-4308-9024-7495DDAD3DE6}"
EndProject
Project("{2150E333-8FDC-42A3-9474-1A3956D46DE8}") = "Notifications", "Notifications", "{69EE933F-C42C-402E-B9E6-AA3E9B8F9DB4}"
EndProject
Project("{FAE04EC0-301F-11D3-BF4B-00C04F79EFBC}") = "BarberShop.Modules.Users.Api", "Src\Modules\Users\BarberShop.Modules.Users.Api\BarberShop.Modules.Users.Api.csproj", "{0C5EFB70-BFD3-4B8E-92E8-732A8D7C4247}"
EndProject
Project("{FAE04EC0-301F-11D3-BF4B-00C04F79EFBC}") = "BarberShop.Modules.Warehouse.Api", "Src\Modules\Warehouse\BarberShop.Modules.Warehouse.Api\BarberShop.Modules.Warehouse.Api.csproj", "{2FFFF736-D267-40CB-BCF1-F136DAA00147}"
EndProject
Project("{FAE04EC0-301F-11D3-BF4B-00C04F79EFBC}") = "BarberShop.Modules.SystemReservation.Api", "Src\Modules\SystemReservation\BarberShop.Modules.SystemReservation.Api\BarberShop.Modules.SystemReservation.Api.csproj", "{9AF142EE-0877-4CBA-B601-E15588AE8C84}"
EndProject
Project("{FAE04EC0-301F-11D3-BF4B-00C04F79EFBC}") = "BarberShop.Modules.Notifications.Api", "Src\Modules\Notifications\BarberShop.Modules.Notifications.Api\BarberShop.Modules.Notifications.Api.csproj", "{B152C70C-6727-4A6E-8D77-86ABC4F880CD}"
EndProject
Project("{FAE04EC0-301F-11D3-BF4B-00C04F79EFBC}") = "BarberShop.Modules.Notifications.Shared", "Src\Modules\Notifications\BarberShop.Modules.Notifications.Shared\BarberShop.Modules.Notifications.Shared.csproj", "{059EE67A-9B71-4110-9D2D-A780B2B3425C}"
EndProject
Project("{FAE04EC0-301F-11D3-BF4B-00C04F79EFBC}") = "BarberShop.Modules.SystemReservation.Shared", "Src\Modules\SystemReservation\BarberShop.Modules.SystemReservation.Shared\BarberShop.Modules.SystemReservation.Shared.csproj", "{036FCA9A-5129-4E20-86B8-3D824AB10346}"
EndProject
Project("{FAE04EC0-301F-11D3-BF4B-00C04F79EFBC}") = "BarberShop.Modules.Users.Shared", "Src\Modules\Users\BarberShop.Modules.Users.Shared\BarberShop.Modules.Users.Shared.csproj", "{ED0F6EB7-B8C6-47ED-B564-5FF75B4393B9}"
EndProject
Project("{FAE04EC0-301F-11D3-BF4B-00C04F79EFBC}") = "BarberShop.Modules.Warehouse.Shared", "Src\Modules\Warehouse\BarberShop.Modules.Warehouse.Shared\BarberShop.Modules.Warehouse.Shared.csproj", "{AA31F578-F33C-4A22-A80B-367C6502E6BA}"
EndProject
Project("{FAE04EC0-301F-11D3-BF4B-00C04F79EFBC}") = "BarberShop.Modules.Users.Tests", "Src\Modules\Users\BarberShop.Modules.Users.Tests\BarberShop.Modules.Users.Tests.csproj", "{90BACD3D-4694-4BB1-B36E-331C56717345}"
EndProject
Global
	GlobalSection(SolutionConfigurationPlatforms) = preSolution
		Debug|Any CPU = Debug|Any CPU
		Release|Any CPU = Release|Any CPU
	EndGlobalSection
	GlobalSection(ProjectConfigurationPlatforms) = postSolution
		{C8FFE050-9B76-4608-86AB-B426A1EB6F0C}.Debug|Any CPU.ActiveCfg = Debug|Any CPU
		{C8FFE050-9B76-4608-86AB-B426A1EB6F0C}.Debug|Any CPU.Build.0 = Debug|Any CPU
		{C8FFE050-9B76-4608-86AB-B426A1EB6F0C}.Release|Any CPU.ActiveCfg = Release|Any CPU
		{C8FFE050-9B76-4608-86AB-B426A1EB6F0C}.Release|Any CPU.Build.0 = Release|Any CPU
		{E4CFF498-48F3-48C7-A989-EE038D3E30CB}.Debug|Any CPU.ActiveCfg = Debug|Any CPU
		{E4CFF498-48F3-48C7-A989-EE038D3E30CB}.Debug|Any CPU.Build.0 = Debug|Any CPU
		{E4CFF498-48F3-48C7-A989-EE038D3E30CB}.Release|Any CPU.ActiveCfg = Release|Any CPU
		{E4CFF498-48F3-48C7-A989-EE038D3E30CB}.Release|Any CPU.Build.0 = Release|Any CPU
		{0C5EFB70-BFD3-4B8E-92E8-732A8D7C4247}.Debug|Any CPU.ActiveCfg = Debug|Any CPU
		{0C5EFB70-BFD3-4B8E-92E8-732A8D7C4247}.Debug|Any CPU.Build.0 = Debug|Any CPU
		{0C5EFB70-BFD3-4B8E-92E8-732A8D7C4247}.Release|Any CPU.ActiveCfg = Release|Any CPU
		{0C5EFB70-BFD3-4B8E-92E8-732A8D7C4247}.Release|Any CPU.Build.0 = Release|Any CPU
		{2FFFF736-D267-40CB-BCF1-F136DAA00147}.Debug|Any CPU.ActiveCfg = Debug|Any CPU
		{2FFFF736-D267-40CB-BCF1-F136DAA00147}.Debug|Any CPU.Build.0 = Debug|Any CPU
		{2FFFF736-D267-40CB-BCF1-F136DAA00147}.Release|Any CPU.ActiveCfg = Release|Any CPU
		{2FFFF736-D267-40CB-BCF1-F136DAA00147}.Release|Any CPU.Build.0 = Release|Any CPU
		{9AF142EE-0877-4CBA-B601-E15588AE8C84}.Debug|Any CPU.ActiveCfg = Debug|Any CPU
		{9AF142EE-0877-4CBA-B601-E15588AE8C84}.Debug|Any CPU.Build.0 = Debug|Any CPU
		{9AF142EE-0877-4CBA-B601-E15588AE8C84}.Release|Any CPU.ActiveCfg = Release|Any CPU
		{9AF142EE-0877-4CBA-B601-E15588AE8C84}.Release|Any CPU.Build.0 = Release|Any CPU
		{B152C70C-6727-4A6E-8D77-86ABC4F880CD}.Debug|Any CPU.ActiveCfg = Debug|Any CPU
		{B152C70C-6727-4A6E-8D77-86ABC4F880CD}.Debug|Any CPU.Build.0 = Debug|Any CPU
		{B152C70C-6727-4A6E-8D77-86ABC4F880CD}.Release|Any CPU.ActiveCfg = Release|Any CPU
		{B152C70C-6727-4A6E-8D77-86ABC4F880CD}.Release|Any CPU.Build.0 = Release|Any CPU
		{059EE67A-9B71-4110-9D2D-A780B2B3425C}.Debug|Any CPU.ActiveCfg = Debug|Any CPU
		{059EE67A-9B71-4110-9D2D-A780B2B3425C}.Debug|Any CPU.Build.0 = Debug|Any CPU
		{059EE67A-9B71-4110-9D2D-A780B2B3425C}.Release|Any CPU.ActiveCfg = Release|Any CPU
		{059EE67A-9B71-4110-9D2D-A780B2B3425C}.Release|Any CPU.Build.0 = Release|Any CPU
		{036FCA9A-5129-4E20-86B8-3D824AB10346}.Debug|Any CPU.ActiveCfg = Debug|Any CPU
		{036FCA9A-5129-4E20-86B8-3D824AB10346}.Debug|Any CPU.Build.0 = Debug|Any CPU
		{036FCA9A-5129-4E20-86B8-3D824AB10346}.Release|Any CPU.ActiveCfg = Release|Any CPU
		{036FCA9A-5129-4E20-86B8-3D824AB10346}.Release|Any CPU.Build.0 = Release|Any CPU
		{ED0F6EB7-B8C6-47ED-B564-5FF75B4393B9}.Debug|Any CPU.ActiveCfg = Debug|Any CPU
		{ED0F6EB7-B8C6-47ED-B564-5FF75B4393B9}.Debug|Any CPU.Build.0 = Debug|Any CPU
		{ED0F6EB7-B8C6-47ED-B564-5FF75B4393B9}.Release|Any CPU.ActiveCfg = Release|Any CPU
		{ED0F6EB7-B8C6-47ED-B564-5FF75B4393B9}.Release|Any CPU.Build.0 = Release|Any CPU
		{AA31F578-F33C-4A22-A80B-367C6502E6BA}.Debug|Any CPU.ActiveCfg = Debug|Any CPU
		{AA31F578-F33C-4A22-A80B-367C6502E6BA}.Debug|Any CPU.Build.0 = Debug|Any CPU
		{AA31F578-F33C-4A22-A80B-367C6502E6BA}.Release|Any CPU.ActiveCfg = Release|Any CPU
		{AA31F578-F33C-4A22-A80B-367C6502E6BA}.Release|Any CPU.Build.0 = Release|Any CPU
		{90BACD3D-4694-4BB1-B36E-331C56717345}.Debug|Any CPU.ActiveCfg = Debug|Any CPU
		{90BACD3D-4694-4BB1-B36E-331C56717345}.Debug|Any CPU.Build.0 = Debug|Any CPU
		{90BACD3D-4694-4BB1-B36E-331C56717345}.Release|Any CPU.ActiveCfg = Release|Any CPU
		{90BACD3D-4694-4BB1-B36E-331C56717345}.Release|Any CPU.Build.0 = Release|Any CPU
	EndGlobalSection
	GlobalSection(NestedProjects) = preSolution
		{C8FFE050-9B76-4608-86AB-B426A1EB6F0C} = {243B0083-3796-49B3-95F1-DF7351CCEA4C}
		{E4CFF498-48F3-48C7-A989-EE038D3E30CB} = {6B5DF294-8366-4B00-A70F-D557115639EF}
		{1D181A73-0535-44E6-90B8-3E6A68640B79} = {99BC02AC-696D-40AA-93A5-E32142F2DF5D}
		{E3DA0DC3-C870-4478-898B-1BCDC9E4BA17} = {99BC02AC-696D-40AA-93A5-E32142F2DF5D}
		{88471AF4-A7C8-4308-9024-7495DDAD3DE6} = {99BC02AC-696D-40AA-93A5-E32142F2DF5D}
		{69EE933F-C42C-402E-B9E6-AA3E9B8F9DB4} = {99BC02AC-696D-40AA-93A5-E32142F2DF5D}
		{0C5EFB70-BFD3-4B8E-92E8-732A8D7C4247} = {1D181A73-0535-44E6-90B8-3E6A68640B79}
		{2FFFF736-D267-40CB-BCF1-F136DAA00147} = {88471AF4-A7C8-4308-9024-7495DDAD3DE6}
		{9AF142EE-0877-4CBA-B601-E15588AE8C84} = {E3DA0DC3-C870-4478-898B-1BCDC9E4BA17}
		{B152C70C-6727-4A6E-8D77-86ABC4F880CD} = {69EE933F-C42C-402E-B9E6-AA3E9B8F9DB4}
		{059EE67A-9B71-4110-9D2D-A780B2B3425C} = {69EE933F-C42C-402E-B9E6-AA3E9B8F9DB4}
		{036FCA9A-5129-4E20-86B8-3D824AB10346} = {E3DA0DC3-C870-4478-898B-1BCDC9E4BA17}
		{ED0F6EB7-B8C6-47ED-B564-5FF75B4393B9} = {1D181A73-0535-44E6-90B8-3E6A68640B79}
		{AA31F578-F33C-4A22-A80B-367C6502E6BA} = {88471AF4-A7C8-4308-9024-7495DDAD3DE6}
		{90BACD3D-4694-4BB1-B36E-331C56717345} = {1D181A73-0535-44E6-90B8-3E6A68640B79}
	EndGlobalSection
EndGlobal
